
Microsoft Visual Studio Solution File, Format Version 12.00
# Visual Studio Version 17
VisualStudioVersion = 17.3.32901.215
MinimumVisualStudioVersion = 10.0.40219.1
Project("{FAE04EC0-301F-11D3-BF4B-00C04F79EFBC}") = "Air", "Air\Air.csproj", "{99748D1E-5271-487C-97CF-7658755026F4}"
EndProject
Project("{FAE04EC0-301F-11D3-BF4B-00C04F79EFBC}") = "Models", "Models\Models.csproj", "{C4481944-C9E5-45C4-BCA6-48AC17216833}"
EndProject
Project("{FAE04EC0-301F-11D3-BF4B-00C04F79EFBC}") = "DAL", "DAL\DAL.csproj", "{DE540FE1-C66C-4948-8EDE-0221C93A38FD}"
EndProject
Project("{FAE04EC0-301F-11D3-BF4B-00C04F79EFBC}") = "DALTests", "DALTests\DALTests.csproj", "{0000DAE4-585D-46B0-AAC8-7DF7D25CAD34}"
EndProject
Global
	GlobalSection(SolutionConfigurationPlatforms) = preSolution
		Debug|Any CPU = Debug|Any CPU
		Release|Any CPU = Release|Any CPU
	EndGlobalSection
	GlobalSection(ProjectConfigurationPlatforms) = postSolution
		{99748D1E-5271-487C-97CF-7658755026F4}.Debug|Any CPU.ActiveCfg = Debug|Any CPU
		{99748D1E-5271-487C-97CF-7658755026F4}.Debug|Any CPU.Build.0 = Debug|Any CPU
		{99748D1E-5271-487C-97CF-7658755026F4}.Release|Any CPU.ActiveCfg = Release|Any CPU
		{99748D1E-5271-487C-97CF-7658755026F4}.Release|Any CPU.Build.0 = Release|Any CPU
		{C4481944-C9E5-45C4-BCA6-48AC17216833}.Debug|Any CPU.ActiveCfg = Debug|Any CPU
		{C4481944-C9E5-45C4-BCA6-48AC17216833}.Debug|Any CPU.Build.0 = Debug|Any CPU
		{C4481944-C9E5-45C4-BCA6-48AC17216833}.Release|Any CPU.ActiveCfg = Release|Any CPU
		{C4481944-C9E5-45C4-BCA6-48AC17216833}.Release|Any CPU.Build.0 = Release|Any CPU
		{DE540FE1-C66C-4948-8EDE-0221C93A38FD}.Debug|Any CPU.ActiveCfg = Debug|Any CPU
		{DE540FE1-C66C-4948-8EDE-0221C93A38FD}.Debug|Any CPU.Build.0 = Debug|Any CPU
		{DE540FE1-C66C-4948-8EDE-0221C93A38FD}.Release|Any CPU.ActiveCfg = Release|Any CPU
		{DE540FE1-C66C-4948-8EDE-0221C93A38FD}.Release|Any CPU.Build.0 = Release|Any CPU
		{0000DAE4-585D-46B0-AAC8-7DF7D25CAD34}.Debug|Any CPU.ActiveCfg = Debug|Any CPU
		{0000DAE4-585D-46B0-AAC8-7DF7D25CAD34}.Debug|Any CPU.Build.0 = Debug|Any CPU
		{0000DAE4-585D-46B0-AAC8-7DF7D25CAD34}.Release|Any CPU.ActiveCfg = Release|Any CPU
		{0000DAE4-585D-46B0-AAC8-7DF7D25CAD34}.Release|Any CPU.Build.0 = Release|Any CPU
	EndGlobalSection
	GlobalSection(SolutionProperties) = preSolution
		HideSolutionNode = FALSE
	EndGlobalSection
	GlobalSection(ExtensibilityGlobals) = postSolution
		SolutionGuid = {9F623B9A-3FF9-45ED-BF8C-7702D2AECB92}
	EndGlobalSection
EndGlobal
